
Microsoft Visual Studio Solution File, Format Version 12.00
# Visual Studio 2013
VisualStudioVersion = 12.0.31101.0
MinimumVisualStudioVersion = 10.0.40219.1
Project("{FAE04EC0-301F-11D3-BF4B-00C04F79EFBC}") = "Tomin.Tools.KioskMode", "Tomin.Tools.KioskMode\Tomin.Tools.KioskMode.csproj", "{CF7D1456-9FF5-4384-B8E7-00A1803CBF85}"
EndProject
Project("{2150E333-8FDC-42A3-9474-1A3956D46DE8}") = "Artifacts", "Artifacts", "{AE2B5A26-297C-4082-8FCB-EE18131D58F7}"
	ProjectSection(SolutionItems) = preProject
		Artifacts\Ciklum-Kiosk.ps1 = Artifacts\Ciklum-Kiosk.ps1
		Artifacts\HelperFunctions.ps1 = Artifacts\HelperFunctions.ps1
		C:\Windows\System32\WindowsPowerShell\v1.0\powershell.exe = C:\Windows\System32\WindowsPowerShell\v1.0\powershell.exe
	EndProjectSection
EndProject
Global
	GlobalSection(SolutionConfigurationPlatforms) = preSolution
		Debug|Any CPU = Debug|Any CPU
		Release|Any CPU = Release|Any CPU
	EndGlobalSection
	GlobalSection(ProjectConfigurationPlatforms) = postSolution
		{CF7D1456-9FF5-4384-B8E7-00A1803CBF85}.Debug|Any CPU.ActiveCfg = Debug|Any CPU
		{CF7D1456-9FF5-4384-B8E7-00A1803CBF85}.Debug|Any CPU.Build.0 = Debug|Any CPU
		{CF7D1456-9FF5-4384-B8E7-00A1803CBF85}.Release|Any CPU.ActiveCfg = Release|Any CPU
		{CF7D1456-9FF5-4384-B8E7-00A1803CBF85}.Release|Any CPU.Build.0 = Release|Any CPU
	EndGlobalSection
	GlobalSection(SolutionProperties) = preSolution
		HideSolutionNode = FALSE
	EndGlobalSection
EndGlobal
